
Microsoft Visual Studio Solution File, Format Version 12.00
# Visual Studio Version 17
VisualStudioVersion = 17.0.31912.275
MinimumVisualStudioVersion = 10.0.40219.1
Project("{FAE04EC0-301F-11D3-BF4B-00C04F79EFBC}") = "FotoSorter", "FotoSorter\FotoSorter.csproj", "{E4793BB7-1D1A-469B-8648-F48BA61FBDC5}"
EndProject
Global
	GlobalSection(SolutionConfigurationPlatforms) = preSolution
		Debug|Any CPU = Debug|Any CPU
		Release|Any CPU = Release|Any CPU
	EndGlobalSection
	GlobalSection(ProjectConfigurationPlatforms) = postSolution
		{E4793BB7-1D1A-469B-8648-F48BA61FBDC5}.Debug|Any CPU.ActiveCfg = Debug|Any CPU
		{E4793BB7-1D1A-469B-8648-F48BA61FBDC5}.Debug|Any CPU.Build.0 = Debug|Any CPU
		{E4793BB7-1D1A-469B-8648-F48BA61FBDC5}.Release|Any CPU.ActiveCfg = Release|Any CPU
		{E4793BB7-1D1A-469B-8648-F48BA61FBDC5}.Release|Any CPU.Build.0 = Release|Any CPU
	EndGlobalSection
	GlobalSection(SolutionProperties) = preSolution
		HideSolutionNode = FALSE
	EndGlobalSection
	GlobalSection(ExtensibilityGlobals) = postSolution
		SolutionGuid = {A7E221A4-E09D-4497-BCEA-21E3531FA138}
	EndGlobalSection
EndGlobal
